
Microsoft Visual Studio Solution File, Format Version 12.00
# Visual Studio Version 16
VisualStudioVersion = 16.0.31515.178
MinimumVisualStudioVersion = 10.0.40219.1
Project("{FAE04EC0-301F-11D3-BF4B-00C04F79EFBC}") = "Labyrinth", "Labyrinth.csproj", "{852D7394-3CBE-4F8B-84A6-BBA92641BFD6}"
EndProject
Global
	GlobalSection(SolutionConfigurationPlatforms) = preSolution
		Debug|Any CPU = Debug|Any CPU
		Release|Any CPU = Release|Any CPU
	EndGlobalSection
	GlobalSection(ProjectConfigurationPlatforms) = postSolution
		{852D7394-3CBE-4F8B-84A6-BBA92641BFD6}.Debug|Any CPU.ActiveCfg = Debug|Any CPU
		{852D7394-3CBE-4F8B-84A6-BBA92641BFD6}.Debug|Any CPU.Build.0 = Debug|Any CPU
		{852D7394-3CBE-4F8B-84A6-BBA92641BFD6}.Release|Any CPU.ActiveCfg = Release|Any CPU
		{852D7394-3CBE-4F8B-84A6-BBA92641BFD6}.Release|Any CPU.Build.0 = Release|Any CPU
	EndGlobalSection
	GlobalSection(SolutionProperties) = preSolution
		HideSolutionNode = FALSE
	EndGlobalSection
	GlobalSection(ExtensibilityGlobals) = postSolution
		SolutionGuid = {CFE55486-C0A2-42DE-AD90-25F9929CC057}
	EndGlobalSection
EndGlobal
